
Microsoft Visual Studio Solution File, Format Version 12.00
# Visual Studio Version 17
VisualStudioVersion = 17.14.36908.2 d17.14
MinimumVisualStudioVersion = 10.0.40219.1
Project("{FAE04EC0-301F-11D3-BF4B-00C04F79EFBC}") = "CalamityAdditions", "CalamityAdditions.csproj", "{9E995388-C180-2C84-B687-C6C7F3542ACC}"
EndProject
Global
	GlobalSection(SolutionConfigurationPlatforms) = preSolution
		Debug|Any CPU = Debug|Any CPU
		Release|Any CPU = Release|Any CPU
	EndGlobalSection
	GlobalSection(ProjectConfigurationPlatforms) = postSolution
		{9E995388-C180-2C84-B687-C6C7F3542ACC}.Debug|Any CPU.ActiveCfg = Debug|Any CPU
		{9E995388-C180-2C84-B687-C6C7F3542ACC}.Debug|Any CPU.Build.0 = Debug|Any CPU
		{9E995388-C180-2C84-B687-C6C7F3542ACC}.Release|Any CPU.ActiveCfg = Release|Any CPU
		{9E995388-C180-2C84-B687-C6C7F3542ACC}.Release|Any CPU.Build.0 = Release|Any CPU
	EndGlobalSection
	GlobalSection(SolutionProperties) = preSolution
		HideSolutionNode = FALSE
	EndGlobalSection
	GlobalSection(ExtensibilityGlobals) = postSolution
		SolutionGuid = {9B1C72CE-1FB9-4EBD-8522-32C24F4AE23D}
	EndGlobalSection
EndGlobal
